{
  "name": "svelte-store-router",
  "version": "1.0.8",
  "lockfileVersion": 1,
  "requires": true,
  "dependencies": {
    "path-to-regexp": {
      "version": "6.2.0",
      "resolved": "https://registry.npmjs.org/path-to-regexp/-/path-to-regexp-6.2.0.tgz",
      "integrity": "sha512-f66KywYG6+43afgE/8j/GoiNyygk/bnoCbps++3ErRKsIYkGGupyv07R2Ok5m9i67Iqc+T2g1eAUGUPzWhYTyg=="
    },
    "rambda": {
      "version": "6.3.1",
      "resolved": "https://registry.npmjs.org/rambda/-/rambda-6.3.1.tgz",
      "integrity": "sha512-/iUE52vD8cfRcV/4gqcTZFvooLExJavzO9dcNI+vGLIzNU0e/OOi0jztE2OFFF/AvAKLCChgNfbJAFYnj5Lj2Q=="
    },
    "svelte": {
      "version": "3.29.4",
      "resolved": "https://registry.npmjs.org/svelte/-/svelte-3.29.4.tgz",
      "integrity": "sha512-oW0fGHlyFFMvzRtIvOs84b0fOc0gmZNQcL5Is3hxuTpvaYX3pfd8oHy4KnOvbq4Ca6SG6AHdRMk7OhApTo0NqA=="
    }
  }
}
